
Microsoft Visual Studio Solution File, Format Version 12.00
# Visual Studio Version 17
VisualStudioVersion = 17.10.35122.118
MinimumVisualStudioVersion = 10.0.40219.1
Project("{9A19103F-16F7-4668-BE54-9A1E7A4F7556}") = "WebAPI", "WebAPI\WebAPI.csproj", "{E48FA469-EF64-4BEA-BD26-F1E40BE08C5B}"
EndProject
Project("{9A19103F-16F7-4668-BE54-9A1E7A4F7556}") = "WebView", "WebView\WebView.csproj", "{A1AB3CE7-BD62-46C5-BEC5-A71B92E3AA07}"
EndProject
Project("{9A19103F-16F7-4668-BE54-9A1E7A4F7556}") = "DAL", "DAL\DAL.csproj", "{F09D9A12-24D8-4965-A542-265B699FE227}"
EndProject
Project("{9A19103F-16F7-4668-BE54-9A1E7A4F7556}") = "Service", "Service\Service.csproj", "{D0784F24-3EF5-4444-9779-800EDC61287A}"
EndProject
Project("{9A19103F-16F7-4668-BE54-9A1E7A4F7556}") = "DTO", "DTO\DTO.csproj", "{3EE85A0B-0F51-4861-92E2-3D1DB148A565}"
EndProject
Project("{9A19103F-16F7-4668-BE54-9A1E7A4F7556}") = "HelperMap", "HelperMap\HelperMap.csproj", "{B6EA721C-AA05-4430-A129-18600C99AB6A}"
EndProject
Global
	GlobalSection(SolutionConfigurationPlatforms) = preSolution
		Debug|Any CPU = Debug|Any CPU
		Release|Any CPU = Release|Any CPU
	EndGlobalSection
	GlobalSection(ProjectConfigurationPlatforms) = postSolution
		{E48FA469-EF64-4BEA-BD26-F1E40BE08C5B}.Debug|Any CPU.ActiveCfg = Debug|Any CPU
		{E48FA469-EF64-4BEA-BD26-F1E40BE08C5B}.Debug|Any CPU.Build.0 = Debug|Any CPU
		{E48FA469-EF64-4BEA-BD26-F1E40BE08C5B}.Release|Any CPU.ActiveCfg = Release|Any CPU
		{E48FA469-EF64-4BEA-BD26-F1E40BE08C5B}.Release|Any CPU.Build.0 = Release|Any CPU
		{A1AB3CE7-BD62-46C5-BEC5-A71B92E3AA07}.Debug|Any CPU.ActiveCfg = Debug|Any CPU
		{A1AB3CE7-BD62-46C5-BEC5-A71B92E3AA07}.Debug|Any CPU.Build.0 = Debug|Any CPU
		{A1AB3CE7-BD62-46C5-BEC5-A71B92E3AA07}.Release|Any CPU.ActiveCfg = Release|Any CPU
		{A1AB3CE7-BD62-46C5-BEC5-A71B92E3AA07}.Release|Any CPU.Build.0 = Release|Any CPU
		{F09D9A12-24D8-4965-A542-265B699FE227}.Debug|Any CPU.ActiveCfg = Debug|Any CPU
		{F09D9A12-24D8-4965-A542-265B699FE227}.Debug|Any CPU.Build.0 = Debug|Any CPU
		{F09D9A12-24D8-4965-A542-265B699FE227}.Release|Any CPU.ActiveCfg = Release|Any CPU
		{F09D9A12-24D8-4965-A542-265B699FE227}.Release|Any CPU.Build.0 = Release|Any CPU
		{D0784F24-3EF5-4444-9779-800EDC61287A}.Debug|Any CPU.ActiveCfg = Debug|Any CPU
		{D0784F24-3EF5-4444-9779-800EDC61287A}.Debug|Any CPU.Build.0 = Debug|Any CPU
		{D0784F24-3EF5-4444-9779-800EDC61287A}.Release|Any CPU.ActiveCfg = Release|Any CPU
		{D0784F24-3EF5-4444-9779-800EDC61287A}.Release|Any CPU.Build.0 = Release|Any CPU
		{3EE85A0B-0F51-4861-92E2-3D1DB148A565}.Debug|Any CPU.ActiveCfg = Debug|Any CPU
		{3EE85A0B-0F51-4861-92E2-3D1DB148A565}.Debug|Any CPU.Build.0 = Debug|Any CPU
		{3EE85A0B-0F51-4861-92E2-3D1DB148A565}.Release|Any CPU.ActiveCfg = Release|Any CPU
		{3EE85A0B-0F51-4861-92E2-3D1DB148A565}.Release|Any CPU.Build.0 = Release|Any CPU
		{B6EA721C-AA05-4430-A129-18600C99AB6A}.Debug|Any CPU.ActiveCfg = Debug|Any CPU
		{B6EA721C-AA05-4430-A129-18600C99AB6A}.Debug|Any CPU.Build.0 = Debug|Any CPU
		{B6EA721C-AA05-4430-A129-18600C99AB6A}.Release|Any CPU.ActiveCfg = Release|Any CPU
		{B6EA721C-AA05-4430-A129-18600C99AB6A}.Release|Any CPU.Build.0 = Release|Any CPU
	EndGlobalSection
	GlobalSection(SolutionProperties) = preSolution
		HideSolutionNode = FALSE
	EndGlobalSection
	GlobalSection(ExtensibilityGlobals) = postSolution
		SolutionGuid = {98A54033-52F7-4AFE-AA2F-4F6D322074B2}
	EndGlobalSection
EndGlobal
